
Microsoft Visual Studio Solution File, Format Version 12.00
# Visual Studio Version 16
VisualStudioVersion = 16.0.30503.244
MinimumVisualStudioVersion = 10.0.40219.1
Project("{8BC9CEB8-8B4A-11D0-8D11-00A0C91BC942}") = "malakhov_lab_0", "malakhov_lab_0\malakhov_lab_0.vcxproj", "{19BEB5DC-9138-40FC-A096-C3D675703A77}"
EndProject
Global
	GlobalSection(SolutionConfigurationPlatforms) = preSolution
		Debug|x64 = Debug|x64
		Debug|x86 = Debug|x86
		Release|x64 = Release|x64
		Release|x86 = Release|x86
	EndGlobalSection
	GlobalSection(ProjectConfigurationPlatforms) = postSolution
		{19BEB5DC-9138-40FC-A096-C3D675703A77}.Debug|x64.ActiveCfg = Debug|x64
		{19BEB5DC-9138-40FC-A096-C3D675703A77}.Debug|x64.Build.0 = Debug|x64
		{19BEB5DC-9138-40FC-A096-C3D675703A77}.Debug|x86.ActiveCfg = Debug|Win32
		{19BEB5DC-9138-40FC-A096-C3D675703A77}.Debug|x86.Build.0 = Debug|Win32
		{19BEB5DC-9138-40FC-A096-C3D675703A77}.Release|x64.ActiveCfg = Release|x64
		{19BEB5DC-9138-40FC-A096-C3D675703A77}.Release|x64.Build.0 = Release|x64
		{19BEB5DC-9138-40FC-A096-C3D675703A77}.Release|x86.ActiveCfg = Release|Win32
		{19BEB5DC-9138-40FC-A096-C3D675703A77}.Release|x86.Build.0 = Release|Win32
	EndGlobalSection
	GlobalSection(SolutionProperties) = preSolution
		HideSolutionNode = FALSE
	EndGlobalSection
	GlobalSection(ExtensibilityGlobals) = postSolution
		SolutionGuid = {1194A519-B2B9-4083-9950-2B803F180CE3}
	EndGlobalSection
EndGlobal
